
Microsoft Visual Studio Solution File, Format Version 12.00
# Visual Studio Version 16
VisualStudioVersion = 16.0.31019.35
MinimumVisualStudioVersion = 10.0.40219.1
Project("{9A19103F-16F7-4668-BE54-9A1E7A4F7556}") = "HerokuDeploy", "HerokuDeploy\HerokuDeploy.csproj", "{02FB3895-1DF1-44BE-A9DE-2EFAC0475E56}"
EndProject
Project("{2150E333-8FDC-42A3-9474-1A3956D46DE8}") = "Solution Items", "Solution Items", "{C90CED1D-E14E-419B-B0E4-C3D0CBAE3C5C}"
	ProjectSection(SolutionItems) = preProject
		.gitattributes = .gitattributes
		.gitignore = .gitignore
	EndProjectSection
EndProject
Project("{2150E333-8FDC-42A3-9474-1A3956D46DE8}") = ".docker", ".docker", "{D96EBF2E-483B-48E6-B087-D30B11E31FC6}"
	ProjectSection(SolutionItems) = preProject
		.docker\dev = .docker\dev
	EndProjectSection
EndProject
Project("{2150E333-8FDC-42A3-9474-1A3956D46DE8}") = ".github", ".github", "{861120CC-322F-41B3-9AAB-7832364233E4}"
EndProject
Project("{2150E333-8FDC-42A3-9474-1A3956D46DE8}") = "workflows", "workflows", "{CB0B7E00-BFF9-452A-9DDF-6DB4971DE609}"
	ProjectSection(SolutionItems) = preProject
		.github\workflows\deploy-dev.yml = .github\workflows\deploy-dev.yml
	EndProjectSection
EndProject
Global
	GlobalSection(SolutionConfigurationPlatforms) = preSolution
		Debug|Any CPU = Debug|Any CPU
		Release|Any CPU = Release|Any CPU
	EndGlobalSection
	GlobalSection(ProjectConfigurationPlatforms) = postSolution
		{02FB3895-1DF1-44BE-A9DE-2EFAC0475E56}.Debug|Any CPU.ActiveCfg = Debug|Any CPU
		{02FB3895-1DF1-44BE-A9DE-2EFAC0475E56}.Debug|Any CPU.Build.0 = Debug|Any CPU
		{02FB3895-1DF1-44BE-A9DE-2EFAC0475E56}.Release|Any CPU.ActiveCfg = Release|Any CPU
		{02FB3895-1DF1-44BE-A9DE-2EFAC0475E56}.Release|Any CPU.Build.0 = Release|Any CPU
	EndGlobalSection
	GlobalSection(SolutionProperties) = preSolution
		HideSolutionNode = FALSE
	EndGlobalSection
	GlobalSection(NestedProjects) = preSolution
		{D96EBF2E-483B-48E6-B087-D30B11E31FC6} = {C90CED1D-E14E-419B-B0E4-C3D0CBAE3C5C}
		{861120CC-322F-41B3-9AAB-7832364233E4} = {C90CED1D-E14E-419B-B0E4-C3D0CBAE3C5C}
		{CB0B7E00-BFF9-452A-9DDF-6DB4971DE609} = {861120CC-322F-41B3-9AAB-7832364233E4}
	EndGlobalSection
	GlobalSection(ExtensibilityGlobals) = postSolution
		SolutionGuid = {43546C17-66DA-46F2-BC99-9ED553E191C6}
	EndGlobalSection
EndGlobal
